
Microsoft Visual Studio Solution File, Format Version 12.00
Project("{FAE04EC0-301F-11D3-BF4B-00C04F79EFBC}") = "MFAWPF", "MFAWPF.csproj", "{B9FDFBC8-AA6F-49C9-A7BB-A6AE1FCB4476}"
EndProject
Global
	GlobalSection(SolutionConfigurationPlatforms) = preSolution
		Debug|Any CPU = Debug|Any CPU
		Debug|ARM64 = Debug|ARM64
		Debug|x64 = Debug|x64
		Release|Any CPU = Release|Any CPU
		Release|ARM64 = Release|ARM64
		Release|x64 = Release|x64
		RelWithDebInfo|Any CPU = RelWithDebInfo|Any CPU
		RelWithDebInfo|ARM64 = RelWithDebInfo|ARM64
		RelWithDebInfo|x64 = RelWithDebInfo|x64
	EndGlobalSection
	GlobalSection(ProjectConfigurationPlatforms) = postSolution
		{B9FDFBC8-AA6F-49C9-A7BB-A6AE1FCB4476}.Debug|Any CPU.ActiveCfg = Debug|Any CPU
		{B9FDFBC8-AA6F-49C9-A7BB-A6AE1FCB4476}.Debug|Any CPU.Build.0 = Debug|Any CPU
		{B9FDFBC8-AA6F-49C9-A7BB-A6AE1FCB4476}.Debug|ARM64.ActiveCfg = Debug|ARM64
		{B9FDFBC8-AA6F-49C9-A7BB-A6AE1FCB4476}.Debug|ARM64.Build.0 = Debug|ARM64
		{B9FDFBC8-AA6F-49C9-A7BB-A6AE1FCB4476}.Debug|x64.ActiveCfg = Debug|x64
		{B9FDFBC8-AA6F-49C9-A7BB-A6AE1FCB4476}.Debug|x64.Build.0 = Debug|x64
		{B9FDFBC8-AA6F-49C9-A7BB-A6AE1FCB4476}.Release|Any CPU.ActiveCfg = Release|Any CPU
		{B9FDFBC8-AA6F-49C9-A7BB-A6AE1FCB4476}.Release|Any CPU.Build.0 = Release|Any CPU
		{B9FDFBC8-AA6F-49C9-A7BB-A6AE1FCB4476}.Release|ARM64.ActiveCfg = Release|ARM64
		{B9FDFBC8-AA6F-49C9-A7BB-A6AE1FCB4476}.Release|ARM64.Build.0 = Release|ARM64
		{B9FDFBC8-AA6F-49C9-A7BB-A6AE1FCB4476}.Release|x64.ActiveCfg = Release|x64
		{B9FDFBC8-AA6F-49C9-A7BB-A6AE1FCB4476}.Release|x64.Build.0 = Release|x64
		{B9FDFBC8-AA6F-49C9-A7BB-A6AE1FCB4476}.RelWithDebInfo|Any CPU.ActiveCfg = RelWithDebInfo|Any CPU
		{B9FDFBC8-AA6F-49C9-A7BB-A6AE1FCB4476}.RelWithDebInfo|Any CPU.Build.0 = RelWithDebInfo|Any CPU
		{B9FDFBC8-AA6F-49C9-A7BB-A6AE1FCB4476}.RelWithDebInfo|ARM64.ActiveCfg = RelWithDebInfo|ARM64
		{B9FDFBC8-AA6F-49C9-A7BB-A6AE1FCB4476}.RelWithDebInfo|ARM64.Build.0 = RelWithDebInfo|ARM64
		{B9FDFBC8-AA6F-49C9-A7BB-A6AE1FCB4476}.RelWithDebInfo|x64.ActiveCfg = RelWithDebInfo|x64
		{B9FDFBC8-AA6F-49C9-A7BB-A6AE1FCB4476}.RelWithDebInfo|x64.Build.0 = RelWithDebInfo|x64
	EndGlobalSection
EndGlobal
